
Microsoft Visual Studio Solution File, Format Version 12.00
# Visual Studio Version 17
VisualStudioVersion = 17.14.36327.8
MinimumVisualStudioVersion = 10.0.40219.1
Project("{FAE04EC0-301F-11D3-BF4B-00C04F79EFBC}") = "LIskovSubstitutionsPrinciple", "LIskovSubstitutions\LIskovSubstitutionsPrinciple.csproj", "{E1BF7D32-680B-4067-8513-0F104F21B247}"
EndProject
Project("{FAE04EC0-301F-11D3-BF4B-00C04F79EFBC}") = "SingleResponsibilityPrinciple", "SingleResponsibility\SingleResponsibilityPrinciple.csproj", "{FDC40A58-961F-4B75-AD24-656E17B1AA35}"
EndProject
Project("{FAE04EC0-301F-11D3-BF4B-00C04F79EFBC}") = "OpenClosedPrinciple", "OpenClosedPrinciple\OpenClosedPrinciple.csproj", "{5E8A3D98-598E-4A75-B739-16759A161DDD}"
EndProject
Project("{FAE04EC0-301F-11D3-BF4B-00C04F79EFBC}") = "InterfaceSegregation", "InterfaceSegregation\InterfaceSegregation.csproj", "{8DF24986-814B-49F4-9682-59CCCA2A63EB}"
EndProject
Global
	GlobalSection(SolutionConfigurationPlatforms) = preSolution
		Debug|Any CPU = Debug|Any CPU
		Release|Any CPU = Release|Any CPU
	EndGlobalSection
	GlobalSection(ProjectConfigurationPlatforms) = postSolution
		{E1BF7D32-680B-4067-8513-0F104F21B247}.Debug|Any CPU.ActiveCfg = Debug|Any CPU
		{E1BF7D32-680B-4067-8513-0F104F21B247}.Debug|Any CPU.Build.0 = Debug|Any CPU
		{E1BF7D32-680B-4067-8513-0F104F21B247}.Release|Any CPU.ActiveCfg = Release|Any CPU
		{E1BF7D32-680B-4067-8513-0F104F21B247}.Release|Any CPU.Build.0 = Release|Any CPU
		{FDC40A58-961F-4B75-AD24-656E17B1AA35}.Debug|Any CPU.ActiveCfg = Debug|Any CPU
		{FDC40A58-961F-4B75-AD24-656E17B1AA35}.Debug|Any CPU.Build.0 = Debug|Any CPU
		{FDC40A58-961F-4B75-AD24-656E17B1AA35}.Release|Any CPU.ActiveCfg = Release|Any CPU
		{FDC40A58-961F-4B75-AD24-656E17B1AA35}.Release|Any CPU.Build.0 = Release|Any CPU
		{5E8A3D98-598E-4A75-B739-16759A161DDD}.Debug|Any CPU.ActiveCfg = Debug|Any CPU
		{5E8A3D98-598E-4A75-B739-16759A161DDD}.Debug|Any CPU.Build.0 = Debug|Any CPU
		{5E8A3D98-598E-4A75-B739-16759A161DDD}.Release|Any CPU.ActiveCfg = Release|Any CPU
		{5E8A3D98-598E-4A75-B739-16759A161DDD}.Release|Any CPU.Build.0 = Release|Any CPU
		{8DF24986-814B-49F4-9682-59CCCA2A63EB}.Debug|Any CPU.ActiveCfg = Debug|Any CPU
		{8DF24986-814B-49F4-9682-59CCCA2A63EB}.Debug|Any CPU.Build.0 = Debug|Any CPU
		{8DF24986-814B-49F4-9682-59CCCA2A63EB}.Release|Any CPU.ActiveCfg = Release|Any CPU
		{8DF24986-814B-49F4-9682-59CCCA2A63EB}.Release|Any CPU.Build.0 = Release|Any CPU
	EndGlobalSection
	GlobalSection(SolutionProperties) = preSolution
		HideSolutionNode = FALSE
	EndGlobalSection
	GlobalSection(ExtensibilityGlobals) = postSolution
		SolutionGuid = {BBDDB9B2-17D7-4EBA-9762-38FB8A2DB7CF}
	EndGlobalSection
EndGlobal
